
Microsoft Visual Studio Solution File, Format Version 12.00
# Visual Studio Version 16
VisualStudioVersion = 16.0.34931.43
MinimumVisualStudioVersion = 10.0.40219.1
Project("{8BC9CEB8-8B4A-11D0-8D11-00A0C91BC942}") = "Command", "Command\Command.vcxproj", "{E4029C83-5637-46F0-BCA7-4CD4D4B2CD46}"
EndProject
Project("{8BC9CEB8-8B4A-11D0-8D11-00A0C91BC942}") = "CommandTests", "CommandTests\CommandTests.vcxproj", "{4E5A18D7-6F89-44BF-A51F-20DE23C70EFB}"
EndProject
Global
	GlobalSection(SolutionConfigurationPlatforms) = preSolution
		Debug|x64 = Debug|x64
		Debug|x86 = Debug|x86
		Release|x64 = Release|x64
		Release|x86 = Release|x86
	EndGlobalSection
	GlobalSection(ProjectConfigurationPlatforms) = postSolution
		{E4029C83-5637-46F0-BCA7-4CD4D4B2CD46}.Debug|x64.ActiveCfg = Debug|x64
		{E4029C83-5637-46F0-BCA7-4CD4D4B2CD46}.Debug|x64.Build.0 = Debug|x64
		{E4029C83-5637-46F0-BCA7-4CD4D4B2CD46}.Debug|x86.ActiveCfg = Debug|Win32
		{E4029C83-5637-46F0-BCA7-4CD4D4B2CD46}.Debug|x86.Build.0 = Debug|Win32
		{E4029C83-5637-46F0-BCA7-4CD4D4B2CD46}.Release|x64.ActiveCfg = Release|x64
		{E4029C83-5637-46F0-BCA7-4CD4D4B2CD46}.Release|x64.Build.0 = Release|x64
		{E4029C83-5637-46F0-BCA7-4CD4D4B2CD46}.Release|x86.ActiveCfg = Release|Win32
		{E4029C83-5637-46F0-BCA7-4CD4D4B2CD46}.Release|x86.Build.0 = Release|Win32
		{4E5A18D7-6F89-44BF-A51F-20DE23C70EFB}.Debug|x64.ActiveCfg = Debug|x64
		{4E5A18D7-6F89-44BF-A51F-20DE23C70EFB}.Debug|x64.Build.0 = Debug|x64
		{4E5A18D7-6F89-44BF-A51F-20DE23C70EFB}.Debug|x86.ActiveCfg = Debug|Win32
		{4E5A18D7-6F89-44BF-A51F-20DE23C70EFB}.Debug|x86.Build.0 = Debug|Win32
		{4E5A18D7-6F89-44BF-A51F-20DE23C70EFB}.Release|x64.ActiveCfg = Release|x64
		{4E5A18D7-6F89-44BF-A51F-20DE23C70EFB}.Release|x64.Build.0 = Release|x64
		{4E5A18D7-6F89-44BF-A51F-20DE23C70EFB}.Release|x86.ActiveCfg = Release|Win32
		{4E5A18D7-6F89-44BF-A51F-20DE23C70EFB}.Release|x86.Build.0 = Release|Win32
	EndGlobalSection
	GlobalSection(SolutionProperties) = preSolution
		HideSolutionNode = FALSE
	EndGlobalSection
	GlobalSection(ExtensibilityGlobals) = postSolution
		SolutionGuid = {5A94FF30-A9C7-402D-99C6-AABCF29A791F}
	EndGlobalSection
EndGlobal
