
Microsoft Visual Studio Solution File, Format Version 12.00
# Visual Studio Version 16
VisualStudioVersion = 16.0.34931.43
MinimumVisualStudioVersion = 10.0.40219.1
Project("{8BC9CEB8-8B4A-11D0-8D11-00A0C91BC942}") = "State", "State\State.vcxproj", "{97344D16-AD7F-4383-8849-58F32E1FEDA9}"
EndProject
Project("{8BC9CEB8-8B4A-11D0-8D11-00A0C91BC942}") = "StateTests", "StateTests\StateTests.vcxproj", "{F39405D5-A92C-4568-ABC3-30C9972A61AD}"
EndProject
Project("{8BC9CEB8-8B4A-11D0-8D11-00A0C91BC942}") = "MultiGamBallMachineTests", "MultiGamBallMachineTests\MultiGamBallMachineTests.vcxproj", "{5DC8605F-2DFC-44D4-97D4-81E8DBE9500E}"
EndProject
Global
	GlobalSection(SolutionConfigurationPlatforms) = preSolution
		Debug|x64 = Debug|x64
		Debug|x86 = Debug|x86
		Release|x64 = Release|x64
		Release|x86 = Release|x86
	EndGlobalSection
	GlobalSection(ProjectConfigurationPlatforms) = postSolution
		{97344D16-AD7F-4383-8849-58F32E1FEDA9}.Debug|x64.ActiveCfg = Debug|x64
		{97344D16-AD7F-4383-8849-58F32E1FEDA9}.Debug|x64.Build.0 = Debug|x64
		{97344D16-AD7F-4383-8849-58F32E1FEDA9}.Debug|x86.ActiveCfg = Debug|Win32
		{97344D16-AD7F-4383-8849-58F32E1FEDA9}.Debug|x86.Build.0 = Debug|Win32
		{97344D16-AD7F-4383-8849-58F32E1FEDA9}.Release|x64.ActiveCfg = Release|x64
		{97344D16-AD7F-4383-8849-58F32E1FEDA9}.Release|x64.Build.0 = Release|x64
		{97344D16-AD7F-4383-8849-58F32E1FEDA9}.Release|x86.ActiveCfg = Release|Win32
		{97344D16-AD7F-4383-8849-58F32E1FEDA9}.Release|x86.Build.0 = Release|Win32
		{F39405D5-A92C-4568-ABC3-30C9972A61AD}.Debug|x64.ActiveCfg = Debug|x64
		{F39405D5-A92C-4568-ABC3-30C9972A61AD}.Debug|x64.Build.0 = Debug|x64
		{F39405D5-A92C-4568-ABC3-30C9972A61AD}.Debug|x86.ActiveCfg = Debug|Win32
		{F39405D5-A92C-4568-ABC3-30C9972A61AD}.Debug|x86.Build.0 = Debug|Win32
		{F39405D5-A92C-4568-ABC3-30C9972A61AD}.Release|x64.ActiveCfg = Release|x64
		{F39405D5-A92C-4568-ABC3-30C9972A61AD}.Release|x64.Build.0 = Release|x64
		{F39405D5-A92C-4568-ABC3-30C9972A61AD}.Release|x86.ActiveCfg = Release|Win32
		{F39405D5-A92C-4568-ABC3-30C9972A61AD}.Release|x86.Build.0 = Release|Win32
		{5DC8605F-2DFC-44D4-97D4-81E8DBE9500E}.Debug|x64.ActiveCfg = Debug|x64
		{5DC8605F-2DFC-44D4-97D4-81E8DBE9500E}.Debug|x64.Build.0 = Debug|x64
		{5DC8605F-2DFC-44D4-97D4-81E8DBE9500E}.Debug|x86.ActiveCfg = Debug|Win32
		{5DC8605F-2DFC-44D4-97D4-81E8DBE9500E}.Debug|x86.Build.0 = Debug|Win32
		{5DC8605F-2DFC-44D4-97D4-81E8DBE9500E}.Release|x64.ActiveCfg = Release|x64
		{5DC8605F-2DFC-44D4-97D4-81E8DBE9500E}.Release|x64.Build.0 = Release|x64
		{5DC8605F-2DFC-44D4-97D4-81E8DBE9500E}.Release|x86.ActiveCfg = Release|Win32
		{5DC8605F-2DFC-44D4-97D4-81E8DBE9500E}.Release|x86.Build.0 = Release|Win32
	EndGlobalSection
	GlobalSection(SolutionProperties) = preSolution
		HideSolutionNode = FALSE
	EndGlobalSection
	GlobalSection(ExtensibilityGlobals) = postSolution
		SolutionGuid = {0DA1BE32-5C7D-482C-A5FB-E85139830AE3}
	EndGlobalSection
EndGlobal
