
Microsoft Visual Studio Solution File, Format Version 12.00
# Visual Studio Version 16
VisualStudioVersion = 16.0.34931.43
MinimumVisualStudioVersion = 10.0.40219.1
Project("{8BC9CEB8-8B4A-11D0-8D11-00A0C91BC942}") = "WeatherStationDuo", "WeatherStationDuo\WeatherStationDuo.vcxproj", "{EDB45EF8-CFF0-4A70-9395-2BD3B06846FE}"
EndProject
Global
	GlobalSection(SolutionConfigurationPlatforms) = preSolution
		Debug|x64 = Debug|x64
		Debug|x86 = Debug|x86
		Release|x64 = Release|x64
		Release|x86 = Release|x86
	EndGlobalSection
	GlobalSection(ProjectConfigurationPlatforms) = postSolution
		{EDB45EF8-CFF0-4A70-9395-2BD3B06846FE}.Debug|x64.ActiveCfg = Debug|x64
		{EDB45EF8-CFF0-4A70-9395-2BD3B06846FE}.Debug|x64.Build.0 = Debug|x64
		{EDB45EF8-CFF0-4A70-9395-2BD3B06846FE}.Debug|x86.ActiveCfg = Debug|Win32
		{EDB45EF8-CFF0-4A70-9395-2BD3B06846FE}.Debug|x86.Build.0 = Debug|Win32
		{EDB45EF8-CFF0-4A70-9395-2BD3B06846FE}.Release|x64.ActiveCfg = Release|x64
		{EDB45EF8-CFF0-4A70-9395-2BD3B06846FE}.Release|x64.Build.0 = Release|x64
		{EDB45EF8-CFF0-4A70-9395-2BD3B06846FE}.Release|x86.ActiveCfg = Release|Win32
		{EDB45EF8-CFF0-4A70-9395-2BD3B06846FE}.Release|x86.Build.0 = Release|Win32
	EndGlobalSection
	GlobalSection(SolutionProperties) = preSolution
		HideSolutionNode = FALSE
	EndGlobalSection
	GlobalSection(ExtensibilityGlobals) = postSolution
		SolutionGuid = {DC887588-1A32-4B3C-B949-4857B5D3637C}
	EndGlobalSection
EndGlobal
